// !$*UTF8*$!
{
	archiveVersion = 1;
	classes = {
	};
	objectVersion = 46;
	objects = {

/* Begin PBXBuildFile section */
		CB0E80F0193E939E00E0180E /* Foundation.framework in Frameworks */ = {isa = PBXBuildFile; fileRef = CB0E80EF193E939E00E0180E /* Foundation.framework */; };
		CB0E80F2193E939E00E0180E /* CoreGraphics.framework in Frameworks */ = {isa = PBXBuildFile; fileRef = CB0E80F1193E939E00E0180E /* CoreGraphics.framework */; };
		CB0E80F4193E939E00E0180E /* UIKit.framework in Frameworks */ = {isa = PBXBuildFile; fileRef = CB0E80F3193E939E00E0180E /* UIKit.framework */; };
		CB0E80F6193E939E00E0180E /* CoreData.framework in Frameworks */ = {isa = PBXBuildFile; fileRef = CB0E80F5193E939E00E0180E /* CoreData.framework */; };
		CB0E80FC193E939F00E0180E /* InfoPlist.strings in Resources */ = {isa = PBXBuildFile; fileRef = CB0E80FA193E939F00E0180E /* InfoPlist.strings */; };
		CB0E80FE193E939F00E0180E /* main.m in Sources */ = {isa = PBXBuildFile; fileRef = CB0E80FD193E939F00E0180E /* main.m */; };
		CB0E8102193E939F00E0180E /* AppDelegate.m in Sources */ = {isa = PBXBuildFile; fileRef = CB0E8101193E939F00E0180E /* AppDelegate.m */; };
		CB0E8105193E939F00E0180E /* ConradApp.xcdatamodeld in Sources */ = {isa = PBXBuildFile; fileRef = CB0E8103193E939F00E0180E /* ConradApp.xcdatamodeld */; };
		CB0E8107193E939F00E0180E /* Images.xcassets in Resources */ = {isa = PBXBuildFile; fileRef = CB0E8106193E939F00E0180E /* Images.xcassets */; };
		CB0E810E193E939F00E0180E /* XCTest.framework in Frameworks */ = {isa = PBXBuildFile; fileRef = CB0E810D193E939F00E0180E /* XCTest.framework */; };
		CB0E810F193E939F00E0180E /* Foundation.framework in Frameworks */ = {isa = PBXBuildFile; fileRef = CB0E80EF193E939E00E0180E /* Foundation.framework */; };
		CB0E8110193E939F00E0180E /* UIKit.framework in Frameworks */ = {isa = PBXBuildFile; fileRef = CB0E80F3193E939E00E0180E /* UIKit.framework */; };
		CB0E8111193E939F00E0180E /* CoreData.framework in Frameworks */ = {isa = PBXBuildFile; fileRef = CB0E80F5193E939E00E0180E /* CoreData.framework */; };
		CB0E8119193E939F00E0180E /* InfoPlist.strings in Resources */ = {isa = PBXBuildFile; fileRef = CB0E8117193E939F00E0180E /* InfoPlist.strings */; };
		CB0E811B193E939F00E0180E /* ConradAppTests.m in Sources */ = {isa = PBXBuildFile; fileRef = CB0E811A193E939F00E0180E /* ConradAppTests.m */; };
/* End PBXBuildFile section */

/* Begin PBXContainerItemProxy section */
		CB0E8112193E939F00E0180E /* PBXContainerItemProxy */ = {
			isa = PBXContainerItemProxy;
			containerPortal = CB0E80E4193E939E00E0180E /* Project object */;
			proxyType = 1;
			remoteGlobalIDString = CB0E80EB193E939E00E0180E;
			remoteInfo = ConradApp;
		};
/* End PBXContainerItemProxy section */

/* Begin PBXFileReference section */
		CB0E80EC193E939E00E0180E /* ConradApp.app */ = {isa = PBXFileReference; explicitFileType = wrapper.application; includeInIndex = 0; path = ConradApp.app; sourceTree = BUILT_PRODUCTS_DIR; };
		CB0E80EF193E939E00E0180E /* Foundation.framework */ = {isa = PBXFileReference; lastKnownFileType = wrapper.framework; name = Foundation.framework; path = System/Library/Frameworks/Foundation.framework; sourceTree = SDKROOT; };
		CB0E80F1193E939E00E0180E /* CoreGraphics.framework */ = {isa = PBXFileReference; lastKnownFileType = wrapper.framework; name = CoreGraphics.framework; path = System/Library/Frameworks/CoreGraphics.framework; sourceTree = SDKROOT; };
		CB0E80F3193E939E00E0180E /* UIKit.framework */ = {isa = PBXFileReference; lastKnownFileType = wrapper.framework; name = UIKit.framework; path = System/Library/Frameworks/UIKit.framework; sourceTree = SDKROOT; };
		CB0E80F5193E939E00E0180E /* CoreData.framework */ = {isa = PBXFileReference; lastKnownFileType = wrapper.framework; name = CoreData.framework; path = System/Library/Frameworks/CoreData.framework; sourceTree = SDKROOT; };
		CB0E80F9193E939F00E0180E /* ConradApp-Info.plist */ = {isa = PBXFileReference; lastKnownFileType = text.plist.xml; path = "ConradApp-Info.plist"; sourceTree = "<group>"; };
		CB0E80FB193E939F00E0180E /* en */ = {isa = PBXFileReference; lastKnownFileType = text.plist.strings; name = en; path = en.lproj/InfoPlist.strings; sourceTree = "<group>"; };
		CB0E80FD193E939F00E0180E /* main.m */ = {isa = PBXFileReference; lastKnownFileType = sourcecode.c.objc; path = main.m; sourceTree = "<group>"; };
		CB0E80FF193E939F00E0180E /* ConradApp-Prefix.pch */ = {isa = PBXFileReference; lastKnownFileType = sourcecode.c.h; path = "ConradApp-Prefix.pch"; sourceTree = "<group>"; };
		CB0E8100193E939F00E0180E /* AppDelegate.h */ = {isa = PBXFileReference; lastKnownFileType = sourcecode.c.h; path = AppDelegate.h; sourceTree = "<group>"; };
		CB0E8101193E939F00E0180E /* AppDelegate.m */ = {isa = PBXFileReference; lastKnownFileType = sourcecode.c.objc; path = AppDelegate.m; sourceTree = "<group>"; };
		CB0E8104193E939F00E0180E /* ConradApp.xcdatamodel */ = {isa = PBXFileReference; lastKnownFileType = wrapper.xcdatamodel; path = ConradApp.xcdatamodel; sourceTree = "<group>"; };
		CB0E8106193E939F00E0180E /* Images.xcassets */ = {isa = PBXFileReference; lastKnownFileType = folder.assetcatalog; path = Images.xcassets; sourceTree = "<group>"; };
		CB0E810C193E939F00E0180E /* ConradAppTests.xctest */ = {isa = PBXFileReference; explicitFileType = wrapper.cfbundle; includeInIndex = 0; path = ConradAppTests.xctest; sourceTree = BUILT_PRODUCTS_DIR; };
		CB0E810D193E939F00E0180E /* XCTest.framework */ = {isa = PBXFileReference; lastKnownFileType = wrapper.framework; name = XCTest.framework; path = Library/Frameworks/XCTest.framework; sourceTree = DEVELOPER_DIR; };
		CB0E8116193E939F00E0180E /* ConradAppTests-Info.plist */ = {isa = PBXFileReference; lastKnownFileType = text.plist.xml; path = "ConradAppTests-Info.plist"; sourceTree = "<group>"; };
		CB0E8118193E939F00E0180E /* en */ = {isa = PBXFileReference; lastKnownFileType = text.plist.strings; name = en; path = en.lproj/InfoPlist.strings; sourceTree = "<group>"; };
		CB0E811A193E939F00E0180E /* ConradAppTests.m */ = {isa = PBXFileReference; lastKnownFileType = sourcecode.c.objc; path = ConradAppTests.m; sourceTree = "<group>"; };
/* End PBXFileReference section */

/* Begin PBXFrameworksBuildPhase section */
		CB0E80E9193E939E00E0180E /* Frameworks */ = {
			isa = PBXFrameworksBuildPhase;
			buildActionMask = 2147483647;
			files = (
				CB0E80F2193E939E00E0180E /* CoreGraphics.framework in Frameworks */,
				CB0E80F6193E939E00E0180E /* CoreData.framework in Frameworks */,
				CB0E80F4193E939E00E0180E /* UIKit.framework in Frameworks */,
				CB0E80F0193E939E00E0180E /* Foundation.framework in Frameworks */,
			);
			runOnlyForDeploymentPostprocessing = 0;
		};
		CB0E8109193E939F00E0180E /* Frameworks */ = {
			isa = PBXFrameworksBuildPhase;
			buildActionMask = 2147483647;
			files = (
				CB0E810E193E939F00E0180E /* XCTest.framework in Frameworks */,
				CB0E8111193E939F00E0180E /* CoreData.framework in Frameworks */,
				CB0E8110193E939F00E0180E /* UIKit.framework in Frameworks */,
				CB0E810F193E939F00E0180E /* Foundation.framework in Frameworks */,
			);
			runOnlyForDeploymentPostprocessing = 0;
		};
/* End PBXFrameworksBuildPhase section */

/* Begin PBXGroup section */
		CB0E80E3193E939E00E0180E = {
			isa = PBXGroup;
			children = (
				CB0E80F7193E939E00E0180E /* ConradApp */,
				CB0E8114193E939F00E0180E /* ConradAppTests */,
				CB0E80EE193E939E00E0180E /* Frameworks */,
				CB0E80ED193E939E00E0180E /* Products */,
			);
			sourceTree = "<group>";
		};
		CB0E80ED193E939E00E0180E /* Products */ = {
			isa = PBXGroup;
			children = (
				CB0E80EC193E939E00E0180E /* ConradApp.app */,
				CB0E810C193E939F00E0180E /* ConradAppTests.xctest */,
			);
			name = Products;
			sourceTree = "<group>";
		};
		CB0E80EE193E939E00E0180E /* Frameworks */ = {
			isa = PBXGroup;
			children = (
				CB0E80EF193E939E00E0180E /* Foundation.framework */,
				CB0E80F1193E939E00E0180E /* CoreGraphics.framework */,
				CB0E80F3193E939E00E0180E /* UIKit.framework */,
				CB0E80F5193E939E00E0180E /* CoreData.framework */,
				CB0E810D193E939F00E0180E /* XCTest.framework */,
			);
			name = Frameworks;
			sourceTree = "<group>";
		};
		CB0E80F7193E939E00E0180E /* ConradApp */ = {
			isa = PBXGroup;
			children = (
				CB0E8100193E939F00E0180E /* AppDelegate.h */,
				CB0E8101193E939F00E0180E /* AppDelegate.m */,
				CB0E8106193E939F00E0180E /* Images.xcassets */,
				CB0E8103193E939F00E0180E /* ConradApp.xcdatamodeld */,
				CB0E80F8193E939E00E0180E /* Supporting Files */,
			);
			path = ConradApp;
			sourceTree = "<group>";
		};
		CB0E80F8193E939E00E0180E /* Supporting Files */ = {
			isa = PBXGroup;
			children = (
				CB0E80F9193E939F00E0180E /* ConradApp-Info.plist */,
				CB0E80FA193E939F00E0180E /* InfoPlist.strings */,
				CB0E80FD193E939F00E0180E /* main.m */,
				CB0E80FF193E939F00E0180E /* ConradApp-Prefix.pch */,
			);
			name = "Supporting Files";
			sourceTree = "<group>";
		};
		CB0E8114193E939F00E0180E /* ConradAppTests */ = {
			isa = PBXGroup;
			children = (
				CB0E811A193E939F00E0180E /* ConradAppTests.m */,
				CB0E8115193E939F00E0180E /* Supporting Files */,
			);
			path = ConradAppTests;
			sourceTree = "<group>";
		};
		CB0E8115193E939F00E0180E /* Supporting Files */ = {
			isa = PBXGroup;
			children = (
				CB0E8116193E939F00E0180E /* ConradAppTests-Info.plist */,
				CB0E8117193E939F00E0180E /* InfoPlist.strings */,
			);
			name = "Supporting Files";
			sourceTree = "<group>";
		};
/* End PBXGroup section */

/* Begin PBXNativeTarget section */
		CB0E80EB193E939E00E0180E /* ConradApp */ = {
			isa = PBXNativeTarget;
			buildConfigurationList = CB0E811E193E939F00E0180E /* Build configuration list for PBXNativeTarget "ConradApp" */;
			buildPhases = (
				CB0E80E8193E939E00E0180E /* Sources */,
				CB0E80E9193E939E00E0180E /* Frameworks */,
				CB0E80EA193E939E00E0180E /* Resources */,
			);
			buildRules = (
			);
			dependencies = (
			);
			name = ConradApp;
			productName = ConradApp;
			productReference = CB0E80EC193E939E00E0180E /* ConradApp.app */;
			productType = "com.apple.product-type.application";
		};
		CB0E810B193E939F00E0180E /* ConradAppTests */ = {
			isa = PBXNativeTarget;
			buildConfigurationList = CB0E8121193E939F00E0180E /* Build configuration list for PBXNativeTarget "ConradAppTests" */;
			buildPhases = (
				CB0E8108193E939F00E0180E /* Sources */,
				CB0E8109193E939F00E0180E /* Frameworks */,
				CB0E810A193E939F00E0180E /* Resources */,
			);
			buildRules = (
			);
			dependencies = (
				CB0E8113193E939F00E0180E /* PBXTargetDependency */,
			);
			name = ConradAppTests;
			productName = ConradAppTests;
			productReference = CB0E810C193E939F00E0180E /* ConradAppTests.xctest */;
			productType = "com.apple.product-type.bundle.unit-test";
		};
/* End PBXNativeTarget section */

/* Begin PBXProject section */
		CB0E80E4193E939E00E0180E /* Project object */ = {
			isa = PBXProject;
			attributes = {
				LastUpgradeCheck = 0510;
				ORGANIZATIONNAME = "Esparta Tech";
				TargetAttributes = {
					CB0E810B193E939F00E0180E = {
						TestTargetID = CB0E80EB193E939E00E0180E;
					};
				};
			};
			buildConfigurationList = CB0E80E7193E939E00E0180E /* Build configuration list for PBXProject "ConradApp" */;
			compatibilityVersion = "Xcode 3.2";
			developmentRegion = English;
			hasScannedForEncodings = 0;
			knownRegions = (
				en,
			);
			mainGroup = CB0E80E3193E939E00E0180E;
			productRefGroup = CB0E80ED193E939E00E0180E /* Products */;
			projectDirPath = "";
			projectRoot = "";
			targets = (
				CB0E80EB193E939E00E0180E /* ConradApp */,
				CB0E810B193E939F00E0180E /* ConradAppTests */,
			);
		};
/* End PBXProject section */

/* Begin PBXResourcesBuildPhase section */
		CB0E80EA193E939E00E0180E /* Resources */ = {
			isa = PBXResourcesBuildPhase;
			buildActionMask = 2147483647;
			files = (
				CB0E80FC193E939F00E0180E /* InfoPlist.strings in Resources */,
				CB0E8107193E939F00E0180E /* Images.xcassets in Resources */,
			);
			runOnlyForDeploymentPostprocessing = 0;
		};
		CB0E810A193E939F00E0180E /* Resources */ = {
			isa = PBXResourcesBuildPhase;
			buildActionMask = 2147483647;
			files = (
				CB0E8119193E939F00E0180E /* InfoPlist.strings in Resources */,
			);
			runOnlyForDeploymentPostprocessing = 0;
		};
/* End PBXResourcesBuildPhase section */

/* Begin PBXSourcesBuildPhase section */
		CB0E80E8193E939E00E0180E /* Sources */ = {
			isa = PBXSourcesBuildPhase;
			buildActionMask = 2147483647;
			files = (
				CB0E8102193E939F00E0180E /* AppDelegate.m in Sources */,
				CB0E80FE193E939F00E0180E /* main.m in Sources */,
				CB0E8105193E939F00E0180E /* ConradApp.xcdatamodeld in Sources */,
			);
			runOnlyForDeploymentPostprocessing = 0;
		};
		CB0E8108193E939F00E0180E /* Sources */ = {
			isa = PBXSourcesBuildPhase;
			buildActionMask = 2147483647;
			files = (
				CB0E811B193E939F00E0180E /* ConradAppTests.m in Sources */,
			);
			runOnlyForDeploymentPostprocessing = 0;
		};
/* End PBXSourcesBuildPhase section */

/* Begin PBXTargetDependency section */
		CB0E8113193E939F00E0180E /* PBXTargetDependency */ = {
			isa = PBXTargetDependency;
			target = CB0E80EB193E939E00E0180E /* ConradApp */;
			targetProxy = CB0E8112193E939F00E0180E /* PBXContainerItemProxy */;
		};
/* End PBXTargetDependency section */

/* Begin PBXVariantGroup section */
		CB0E80FA193E939F00E0180E /* InfoPlist.strings */ = {
			isa = PBXVariantGroup;
			children = (
				CB0E80FB193E939F00E0180E /* en */,
			);
			name = InfoPlist.strings;
			sourceTree = "<group>";
		};
		CB0E8117193E939F00E0180E /* InfoPlist.strings */ = {
			isa = PBXVariantGroup;
			children = (
				CB0E8118193E939F00E0180E /* en */,
			);
			name = InfoPlist.strings;
			sourceTree = "<group>";
		};
/* End PBXVariantGroup section */

/* Begin XCBuildConfiguration section */
		CB0E811C193E939F00E0180E /* Debug */ = {
			isa = XCBuildConfiguration;
			buildSettings = {
				ALWAYS_SEARCH_USER_PATHS = NO;
				CLANG_CXX_LANGUAGE_STANDARD = "gnu++0x";
				CLANG_CXX_LIBRARY = "libc++";
				CLANG_ENABLE_MODULES = YES;
				CLANG_ENABLE_OBJC_ARC = YES;
				CLANG_WARN_BOOL_CONVERSION = YES;
				CLANG_WARN_CONSTANT_CONVERSION = YES;
				CLANG_WARN_DIRECT_OBJC_ISA_USAGE = YES_ERROR;
				CLANG_WARN_EMPTY_BODY = YES;
				CLANG_WARN_ENUM_CONVERSION = YES;
				CLANG_WARN_INT_CONVERSION = YES;
				CLANG_WARN_OBJC_ROOT_CLASS = YES_ERROR;
				CLANG_WARN__DUPLICATE_METHOD_MATCH = YES;
				"CODE_SIGN_IDENTITY[sdk=iphoneos*]" = "iPhone Developer";
				COPY_PHASE_STRIP = NO;
				GCC_C_LANGUAGE_STANDARD = gnu99;
				GCC_DYNAMIC_NO_PIC = NO;
				GCC_OPTIMIZATION_LEVEL = 0;
				GCC_PREPROCESSOR_DEFINITIONS = (
					"DEBUG=1",
					"$(inherited)",
				);
				GCC_SYMBOLS_PRIVATE_EXTERN = NO;
				GCC_WARN_64_TO_32_BIT_CONVERSION = YES;
				GCC_WARN_ABOUT_RETURN_TYPE = YES_ERROR;
				GCC_WARN_UNDECLARED_SELECTOR = YES;
				GCC_WARN_UNINITIALIZED_AUTOS = YES_AGGRESSIVE;
				GCC_WARN_UNUSED_FUNCTION = YES;
				GCC_WARN_UNUSED_VARIABLE = YES;
				IPHONEOS_DEPLOYMENT_TARGET = 7.1;
				ONLY_ACTIVE_ARCH = YES;
				SDKROOT = iphoneos;
				TARGETED_DEVICE_FAMILY = "1,2";
			};
			name = Debug;
		};
		CB0E811D193E939F00E0180E /* Release */ = {
			isa = XCBuildConfiguration;
			buildSettings = {
				ALWAYS_SEARCH_USER_PATHS = NO;
				CLANG_CXX_LANGUAGE_STANDARD = "gnu++0x";
				CLANG_CXX_LIBRARY = "libc++";
				CLANG_ENABLE_MODULES = YES;
				CLANG_ENABLE_OBJC_ARC = YES;
				CLANG_WARN_BOOL_CONVERSION = YES;
				CLANG_WARN_CONSTANT_CONVERSION = YES;
				CLANG_WARN_DIRECT_OBJC_ISA_USAGE = YES_ERROR;
				CLANG_WARN_EMPTY_BODY = YES;
				CLANG_WARN_ENUM_CONVERSION = YES;
				CLANG_WARN_INT_CONVERSION = YES;
				CLANG_WARN_OBJC_ROOT_CLASS = YES_ERROR;
				CLANG_WARN__DUPLICATE_METHOD_MATCH = YES;
				"CODE_SIGN_IDENTITY[sdk=iphoneos*]" = "iPhone Developer";
				COPY_PHASE_STRIP = YES;
				ENABLE_NS_ASSERTIONS = NO;
				GCC_C_LANGUAGE_STANDARD = gnu99;
				GCC_WARN_64_TO_32_BIT_CONVERSION = YES;
				GCC_WARN_ABOUT_RETURN_TYPE = YES_ERROR;
				GCC_WARN_UNDECLARED_SELECTOR = YES;
				GCC_WARN_UNINITIALIZED_AUTOS = YES_AGGRESSIVE;
				GCC_WARN_UNUSED_FUNCTION = YES;
				GCC_WARN_UNUSED_VARIABLE = YES;
				IPHONEOS_DEPLOYMENT_TARGET = 7.1;
				SDKROOT = iphoneos;
				TARGETED_DEVICE_FAMILY = "1,2";
				VALIDATE_PRODUCT = YES;
			};
			name = Release;
		};
		CB0E811F193E939F00E0180E /* Debug */ = {
			isa = XCBuildConfiguration;
			buildSettings = {
				ASSETCATALOG_COMPILER_APPICON_NAME = AppIcon;
				ASSETCATALOG_COMPILER_LAUNCHIMAGE_NAME = LaunchImage;
				GCC_PRECOMPILE_PREFIX_HEADER = YES;
				GCC_PREFIX_HEADER = "ConradApp/ConradApp-Prefix.pch";
				INFOPLIST_FILE = "ConradApp/ConradApp-Info.plist";
				PRODUCT_NAME = "$(TARGET_NAME)";
				WRAPPER_EXTENSION = app;
			};
			name = Debug;
		};
		CB0E8120193E939F00E0180E /* Release */ = {
			isa = XCBuildConfiguration;
			buildSettings = {
				ASSETCATALOG_COMPILER_APPICON_NAME = AppIcon;
				ASSETCATALOG_COMPILER_LAUNCHIMAGE_NAME = LaunchImage;
				GCC_PRECOMPILE_PREFIX_HEADER = YES;
				GCC_PREFIX_HEADER = "ConradApp/ConradApp-Prefix.pch";
				INFOPLIST_FILE = "ConradApp/ConradApp-Info.plist";
				PRODUCT_NAME = "$(TARGET_NAME)";
				WRAPPER_EXTENSION = app;
			};
			name = Release;
		};
		CB0E8122193E939F00E0180E /* Debug */ = {
			isa = XCBuildConfiguration;
			buildSettings = {
				BUNDLE_LOADER = "$(BUILT_PRODUCTS_DIR)/ConradApp.app/ConradApp";
				FRAMEWORK_SEARCH_PATHS = (
					"$(SDKROOT)/Developer/Library/Frameworks",
					"$(inherited)",
					"$(DEVELOPER_FRAMEWORKS_DIR)",
				);
				GCC_PRECOMPILE_PREFIX_HEADER = YES;
				GCC_PREFIX_HEADER = "ConradApp/ConradApp-Prefix.pch";
				GCC_PREPROCESSOR_DEFINITIONS = (
					"DEBUG=1",
					"$(inherited)",
				);
				INFOPLIST_FILE = "ConradAppTests/ConradAppTests-Info.plist";
				PRODUCT_NAME = "$(TARGET_NAME)";
				TEST_HOST = "$(BUNDLE_LOADER)";
				WRAPPER_EXTENSION = xctest;
			};
			name = Debug;
		};
		CB0E8123193E939F00E0180E /* Release */ = {
			isa = XCBuildConfiguration;
			buildSettings = {
				BUNDLE_LOADER = "$(BUILT_PRODUCTS_DIR)/ConradApp.app/ConradApp";
				FRAMEWORK_SEARCH_PATHS = (
					"$(SDKROOT)/Developer/Library/Frameworks",
					"$(inherited)",
					"$(DEVELOPER_FRAMEWORKS_DIR)",
				);
				GCC_PRECOMPILE_PREFIX_HEADER = YES;
				GCC_PREFIX_HEADER = "ConradApp/ConradApp-Prefix.pch";
				INFOPLIST_FILE = "ConradAppTests/ConradAppTests-Info.plist";
				PRODUCT_NAME = "$(TARGET_NAME)";
				TEST_HOST = "$(BUNDLE_LOADER)";
				WRAPPER_EXTENSION = xctest;
			};
			name = Release;
		};
/* End XCBuildConfiguration section */

/* Begin XCConfigurationList section */
		CB0E80E7193E939E00E0180E /* Build configuration list for PBXProject "ConradApp" */ = {
			isa = XCConfigurationList;
			buildConfigurations = (
				CB0E811C193E939F00E0180E /* Debug */,
				CB0E811D193E939F00E0180E /* Release */,
			);
			defaultConfigurationIsVisible = 0;
			defaultConfigurationName = Release;
		};
		CB0E811E193E939F00E0180E /* Build configuration list for PBXNativeTarget "ConradApp" */ = {
			isa = XCConfigurationList;
			buildConfigurations = (
				CB0E811F193E939F00E0180E /* Debug */,
				CB0E8120193E939F00E0180E /* Release */,
			);
			defaultConfigurationIsVisible = 0;
		};
		CB0E8121193E939F00E0180E /* Build configuration list for PBXNativeTarget "ConradAppTests" */ = {
			isa = XCConfigurationList;
			buildConfigurations = (
				CB0E8122193E939F00E0180E /* Debug */,
				CB0E8123193E939F00E0180E /* Release */,
			);
			defaultConfigurationIsVisible = 0;
		};
/* End XCConfigurationList section */

/* Begin XCVersionGroup section */
		CB0E8103193E939F00E0180E /* ConradApp.xcdatamodeld */ = {
			isa = XCVersionGroup;
			children = (
				CB0E8104193E939F00E0180E /* ConradApp.xcdatamodel */,
			);
			currentVersion = CB0E8104193E939F00E0180E /* ConradApp.xcdatamodel */;
			path = ConradApp.xcdatamodeld;
			sourceTree = "<group>";
			versionGroupType = wrapper.xcdatamodel;
		};
/* End XCVersionGroup section */
	};
	rootObject = CB0E80E4193E939E00E0180E /* Project object */;
}
